// !$*UTF8*$!
{
	archiveVersion = 1;
	classes = {
	};
	objectVersion = 50;
	objects = {

/* Begin PBXBuildFile section */
		31010CC8219CE14000D2F36E /* EntourageGradientColor.swift in Sources */ = {isa = PBXBuildFile; fileRef = 31010CC7219CE14000D2F36E /* EntourageGradientColor.swift */; };
		31010CCA219CE16900D2F36E /* EntourageUtils.swift in Sources */ = {isa = PBXBuildFile; fileRef = 31010CC9219CE16900D2F36E /* EntourageUtils.swift */; };
		31010CCC219CE1D300D2F36E /* EntourageRandomColor.swift in Sources */ = {isa = PBXBuildFile; fileRef = 31010CCB219CE1D300D2F36E /* EntourageRandomColor.swift */; };
		31010CCE219CE2C600D2F36E /* EntourageColorScheme.swift in Sources */ = {isa = PBXBuildFile; fileRef = 31010CCD219CE2C600D2F36E /* EntourageColorScheme.swift */; };
		31010CD0219CE39300D2F36E /* EntouragePatternColor.swift in Sources */ = {isa = PBXBuildFile; fileRef = 31010CCF219CE39300D2F36E /* EntouragePatternColor.swift */; };
		3117028E218F3D350034BBD1 /* Entourage.png in Resources */ = {isa = PBXBuildFile; fileRef = 3117028D218F3D350034BBD1 /* Entourage.png */; };
		311CE4CD219AA6880019731B /* PokemonColor.swift in Sources */ = {isa = PBXBuildFile; fileRef = 311CE4CC219AA6880019731B /* PokemonColor.swift */; };
		31D6A2E2218A11E800E92BD8 /* AppDelegate.swift in Sources */ = {isa = PBXBuildFile; fileRef = 31D6A2E1218A11E800E92BD8 /* AppDelegate.swift */; };
		31D6A2E4218A11E800E92BD8 /* ViewController.swift in Sources */ = {isa = PBXBuildFile; fileRef = 31D6A2E3218A11E800E92BD8 /* ViewController.swift */; };
		31D6A2E7218A11E800E92BD8 /* Main.storyboard in Resources */ = {isa = PBXBuildFile; fileRef = 31D6A2E5218A11E800E92BD8 /* Main.storyboard */; };
		31D6A2E9218A11EB00E92BD8 /* Assets.xcassets in Resources */ = {isa = PBXBuildFile; fileRef = 31D6A2E8218A11EB00E92BD8 /* Assets.xcassets */; };
		31D6A2EC218A11EB00E92BD8 /* LaunchScreen.storyboard in Resources */ = {isa = PBXBuildFile; fileRef = 31D6A2EA218A11EB00E92BD8 /* LaunchScreen.storyboard */; };
		31D6A2F4218A121900E92BD8 /* EntourageColor.swift in Sources */ = {isa = PBXBuildFile; fileRef = 31D6A2F3218A121900E92BD8 /* EntourageColor.swift */; };
		31ED3F2B228B6F32000DF212 /* ChineseTraditionColors.xcassets in Resources */ = {isa = PBXBuildFile; fileRef = 31ED3F2A228B6F32000DF212 /* ChineseTraditionColors.xcassets */; };
		31ED3F30228DC68F000DF212 /* AttributesInspector.png in Resources */ = {isa = PBXBuildFile; fileRef = 31ED3F2F228DC68F000DF212 /* AttributesInspector.png */; };
		31ED3F32228F184F000DF212 /* ColorSpace1.png in Resources */ = {isa = PBXBuildFile; fileRef = 31ED3F31228F184E000DF212 /* ColorSpace1.png */; };
		31ED3F34228F1984000DF212 /* ColorSpace2.png in Resources */ = {isa = PBXBuildFile; fileRef = 31ED3F33228F1984000DF212 /* ColorSpace2.png */; };
		31ED3F36228F19E9000DF212 /* VitalColors.xcassets in Resources */ = {isa = PBXBuildFile; fileRef = 31ED3F35228F19E9000DF212 /* VitalColors.xcassets */; };
		31ED3F38228F1C41000DF212 /* colorGraphic_wideColor.svg in Resources */ = {isa = PBXBuildFile; fileRef = 31ED3F37228F1C41000DF212 /* colorGraphic_wideColor.svg */; };
/* End PBXBuildFile section */

/* Begin PBXContainerItemProxy section */
		31D1179921C6195100B28B12 /* PBXContainerItemProxy */ = {
			isa = PBXContainerItemProxy;
			containerPortal = 31D6A2D6218A11E800E92BD8 /* Project object */;
			proxyType = 1;
			remoteGlobalIDString = 31D6A2DD218A11E800E92BD8;
			remoteInfo = Entourage;
		};
/* End PBXContainerItemProxy section */

/* Begin PBXFileReference section */
		31010CC7219CE14000D2F36E /* EntourageGradientColor.swift */ = {isa = PBXFileReference; lastKnownFileType = sourcecode.swift; path = EntourageGradientColor.swift; sourceTree = "<group>"; };
		31010CC9219CE16900D2F36E /* EntourageUtils.swift */ = {isa = PBXFileReference; lastKnownFileType = sourcecode.swift; path = EntourageUtils.swift; sourceTree = "<group>"; };
		31010CCB219CE1D300D2F36E /* EntourageRandomColor.swift */ = {isa = PBXFileReference; lastKnownFileType = sourcecode.swift; path = EntourageRandomColor.swift; sourceTree = "<group>"; };
		31010CCD219CE2C600D2F36E /* EntourageColorScheme.swift */ = {isa = PBXFileReference; lastKnownFileType = sourcecode.swift; path = EntourageColorScheme.swift; sourceTree = "<group>"; };
		31010CCF219CE39300D2F36E /* EntouragePatternColor.swift */ = {isa = PBXFileReference; lastKnownFileType = sourcecode.swift; path = EntouragePatternColor.swift; sourceTree = "<group>"; };
		3117028C218F36360034BBD1 /* README.md */ = {isa = PBXFileReference; lastKnownFileType = net.daringfireball.markdown; path = README.md; sourceTree = "<group>"; };
		3117028D218F3D350034BBD1 /* Entourage.png */ = {isa = PBXFileReference; lastKnownFileType = image.png; path = Entourage.png; sourceTree = "<group>"; };
		311CE4CC219AA6880019731B /* PokemonColor.swift */ = {isa = PBXFileReference; lastKnownFileType = sourcecode.swift; path = PokemonColor.swift; sourceTree = "<group>"; };
		31D1179421C6195100B28B12 /* EntourageTests.xctest */ = {isa = PBXFileReference; explicitFileType = wrapper.cfbundle; includeInIndex = 0; path = EntourageTests.xctest; sourceTree = BUILT_PRODUCTS_DIR; };
		31D6A2DE218A11E800E92BD8 /* Entourage.app */ = {isa = PBXFileReference; explicitFileType = wrapper.application; includeInIndex = 0; path = Entourage.app; sourceTree = BUILT_PRODUCTS_DIR; };
		31D6A2E1218A11E800E92BD8 /* AppDelegate.swift */ = {isa = PBXFileReference; lastKnownFileType = sourcecode.swift; path = AppDelegate.swift; sourceTree = "<group>"; };
		31D6A2E3218A11E800E92BD8 /* ViewController.swift */ = {isa = PBXFileReference; lastKnownFileType = sourcecode.swift; path = ViewController.swift; sourceTree = "<group>"; };
		31D6A2E6218A11E800E92BD8 /* Base */ = {isa = PBXFileReference; lastKnownFileType = file.storyboard; name = Base; path = Base.lproj/Main.storyboard; sourceTree = "<group>"; };
		31D6A2E8218A11EB00E92BD8 /* Assets.xcassets */ = {isa = PBXFileReference; lastKnownFileType = folder.assetcatalog; path = Assets.xcassets; sourceTree = "<group>"; };
		31D6A2EB218A11EB00E92BD8 /* Base */ = {isa = PBXFileReference; lastKnownFileType = file.storyboard; name = Base; path = Base.lproj/LaunchScreen.storyboard; sourceTree = "<group>"; };
		31D6A2ED218A11EB00E92BD8 /* Info.plist */ = {isa = PBXFileReference; lastKnownFileType = text.plist.xml; path = Info.plist; sourceTree = "<group>"; };
		31D6A2F3218A121900E92BD8 /* EntourageColor.swift */ = {isa = PBXFileReference; fileEncoding = 4; lastKnownFileType = sourcecode.swift; path = EntourageColor.swift; sourceTree = "<group>"; };
		31ED3F2A228B6F32000DF212 /* ChineseTraditionColors.xcassets */ = {isa = PBXFileReference; lastKnownFileType = folder.assetcatalog; path = ChineseTraditionColors.xcassets; sourceTree = "<group>"; };
		31ED3F2F228DC68F000DF212 /* AttributesInspector.png */ = {isa = PBXFileReference; lastKnownFileType = image.png; path = AttributesInspector.png; sourceTree = "<group>"; };
		31ED3F31228F184E000DF212 /* ColorSpace1.png */ = {isa = PBXFileReference; lastKnownFileType = image.png; path = ColorSpace1.png; sourceTree = "<group>"; };
		31ED3F33228F1984000DF212 /* ColorSpace2.png */ = {isa = PBXFileReference; lastKnownFileType = image.png; path = ColorSpace2.png; sourceTree = "<group>"; };
		31ED3F35228F19E9000DF212 /* VitalColors.xcassets */ = {isa = PBXFileReference; lastKnownFileType = folder.assetcatalog; path = VitalColors.xcassets; sourceTree = "<group>"; };
		31ED3F37228F1C41000DF212 /* colorGraphic_wideColor.svg */ = {isa = PBXFileReference; fileEncoding = 4; lastKnownFileType = text; path = colorGraphic_wideColor.svg; sourceTree = "<group>"; };
/* End PBXFileReference section */

/* Begin PBXFrameworksBuildPhase section */
		31D1179121C6195100B28B12 /* Frameworks */ = {
			isa = PBXFrameworksBuildPhase;
			buildActionMask = 2147483647;
			files = (
			);
			runOnlyForDeploymentPostprocessing = 0;
		};
		31D6A2DB218A11E800E92BD8 /* Frameworks */ = {
			isa = PBXFrameworksBuildPhase;
			buildActionMask = 2147483647;
			files = (
			);
			runOnlyForDeploymentPostprocessing = 0;
		};
/* End PBXFrameworksBuildPhase section */

/* Begin PBXGroup section */
		31D6A2D5218A11E800E92BD8 = {
			isa = PBXGroup;
			children = (
				3117028C218F36360034BBD1 /* README.md */,
				31D6A2E0218A11E800E92BD8 /* Entourage */,
				31D6A2DF218A11E800E92BD8 /* Products */,
			);
			sourceTree = "<group>";
		};
		31D6A2DF218A11E800E92BD8 /* Products */ = {
			isa = PBXGroup;
			children = (
				31D6A2DE218A11E800E92BD8 /* Entourage.app */,
				31D1179421C6195100B28B12 /* EntourageTests.xctest */,
			);
			name = Products;
			sourceTree = "<group>";
		};
		31D6A2E0218A11E800E92BD8 /* Entourage */ = {
			isa = PBXGroup;
			children = (
				31ED3F2C228DC63A000DF212 /* images */,
				31D6A2F3218A121900E92BD8 /* EntourageColor.swift */,
				31010CCF219CE39300D2F36E /* EntouragePatternColor.swift */,
				31010CCD219CE2C600D2F36E /* EntourageColorScheme.swift */,
				31010CC7219CE14000D2F36E /* EntourageGradientColor.swift */,
				31010CCB219CE1D300D2F36E /* EntourageRandomColor.swift */,
				31010CC9219CE16900D2F36E /* EntourageUtils.swift */,
				311CE4CC219AA6880019731B /* PokemonColor.swift */,
				31D6A2E1218A11E800E92BD8 /* AppDelegate.swift */,
				31D6A2E3218A11E800E92BD8 /* ViewController.swift */,
				31D6A2E5218A11E800E92BD8 /* Main.storyboard */,
				31D6A2EA218A11EB00E92BD8 /* LaunchScreen.storyboard */,
				31D6A2E8218A11EB00E92BD8 /* Assets.xcassets */,
				31ED3F2A228B6F32000DF212 /* ChineseTraditionColors.xcassets */,
				31ED3F35228F19E9000DF212 /* VitalColors.xcassets */,
				31D6A2ED218A11EB00E92BD8 /* Info.plist */,
			);
			path = Entourage;
			sourceTree = "<group>";
		};
		31ED3F2C228DC63A000DF212 /* images */ = {
			isa = PBXGroup;
			children = (
				3117028D218F3D350034BBD1 /* Entourage.png */,
				31ED3F2F228DC68F000DF212 /* AttributesInspector.png */,
				31ED3F31228F184E000DF212 /* ColorSpace1.png */,
				31ED3F33228F1984000DF212 /* ColorSpace2.png */,
				31ED3F37228F1C41000DF212 /* colorGraphic_wideColor.svg */,
			);
			path = images;
			sourceTree = "<group>";
		};
/* End PBXGroup section */

/* Begin PBXNativeTarget section */
		31D1179321C6195100B28B12 /* EntourageTests */ = {
			isa = PBXNativeTarget;
			buildConfigurationList = 31D1179D21C6195100B28B12 /* Build configuration list for PBXNativeTarget "EntourageTests" */;
			buildPhases = (
				31D1179021C6195100B28B12 /* Sources */,
				31D1179121C6195100B28B12 /* Frameworks */,
				31D1179221C6195100B28B12 /* Resources */,
			);
			buildRules = (
			);
			dependencies = (
				31D1179A21C6195100B28B12 /* PBXTargetDependency */,
			);
			name = EntourageTests;
			productName = EntourageTests;
			productReference = 31D1179421C6195100B28B12 /* EntourageTests.xctest */;
			productType = "com.apple.product-type.bundle.unit-test";
		};
		31D6A2DD218A11E800E92BD8 /* Entourage */ = {
			isa = PBXNativeTarget;
			buildConfigurationList = 31D6A2F0218A11EB00E92BD8 /* Build configuration list for PBXNativeTarget "Entourage" */;
			buildPhases = (
				31D6A2DA218A11E800E92BD8 /* Sources */,
				31D6A2DB218A11E800E92BD8 /* Frameworks */,
				31D6A2DC218A11E800E92BD8 /* Resources */,
			);
			buildRules = (
			);
			dependencies = (
			);
			name = Entourage;
			productName = Entourage;
			productReference = 31D6A2DE218A11E800E92BD8 /* Entourage.app */;
			productType = "com.apple.product-type.application";
		};
/* End PBXNativeTarget section */

/* Begin PBXProject section */
		31D6A2D6218A11E800E92BD8 /* Project object */ = {
			isa = PBXProject;
			attributes = {
				LastSwiftUpdateCheck = 1010;
				LastUpgradeCheck = 1000;
				ORGANIZATIONNAME = yuxuanliu;
				TargetAttributes = {
					31D1179321C6195100B28B12 = {
						CreatedOnToolsVersion = 10.1;
						TestTargetID = 31D6A2DD218A11E800E92BD8;
					};
					31D6A2DD218A11E800E92BD8 = {
						CreatedOnToolsVersion = 10.0;
					};
				};
			};
			buildConfigurationList = 31D6A2D9218A11E800E92BD8 /* Build configuration list for PBXProject "Entourage" */;
			compatibilityVersion = "Xcode 9.3";
			developmentRegion = en;
			hasScannedForEncodings = 0;
			knownRegions = (
				en,
				Base,
			);
			mainGroup = 31D6A2D5218A11E800E92BD8;
			productRefGroup = 31D6A2DF218A11E800E92BD8 /* Products */;
			projectDirPath = "";
			projectRoot = "";
			targets = (
				31D6A2DD218A11E800E92BD8 /* Entourage */,
				31D1179321C6195100B28B12 /* EntourageTests */,
			);
		};
/* End PBXProject section */

/* Begin PBXResourcesBuildPhase section */
		31D1179221C6195100B28B12 /* Resources */ = {
			isa = PBXResourcesBuildPhase;
			buildActionMask = 2147483647;
			files = (
			);
			runOnlyForDeploymentPostprocessing = 0;
		};
		31D6A2DC218A11E800E92BD8 /* Resources */ = {
			isa = PBXResourcesBuildPhase;
			buildActionMask = 2147483647;
			files = (
				31ED3F2B228B6F32000DF212 /* ChineseTraditionColors.xcassets in Resources */,
				31D6A2EC218A11EB00E92BD8 /* LaunchScreen.storyboard in Resources */,
				31D6A2E9218A11EB00E92BD8 /* Assets.xcassets in Resources */,
				31ED3F30228DC68F000DF212 /* AttributesInspector.png in Resources */,
				31ED3F36228F19E9000DF212 /* VitalColors.xcassets in Resources */,
				31ED3F32228F184F000DF212 /* ColorSpace1.png in Resources */,
				31ED3F34228F1984000DF212 /* ColorSpace2.png in Resources */,
				3117028E218F3D350034BBD1 /* Entourage.png in Resources */,
				31ED3F38228F1C41000DF212 /* colorGraphic_wideColor.svg in Resources */,
				31D6A2E7218A11E800E92BD8 /* Main.storyboard in Resources */,
			);
			runOnlyForDeploymentPostprocessing = 0;
		};
/* End PBXResourcesBuildPhase section */

/* Begin PBXSourcesBuildPhase section */
		31D1179021C6195100B28B12 /* Sources */ = {
			isa = PBXSourcesBuildPhase;
			buildActionMask = 2147483647;
			files = (
			);
			runOnlyForDeploymentPostprocessing = 0;
		};
		31D6A2DA218A11E800E92BD8 /* Sources */ = {
			isa = PBXSourcesBuildPhase;
			buildActionMask = 2147483647;
			files = (
				31D6A2F4218A121900E92BD8 /* EntourageColor.swift in Sources */,
				31010CD0219CE39300D2F36E /* EntouragePatternColor.swift in Sources */,
				31010CC8219CE14000D2F36E /* EntourageGradientColor.swift in Sources */,
				311CE4CD219AA6880019731B /* PokemonColor.swift in Sources */,
				31010CCE219CE2C600D2F36E /* EntourageColorScheme.swift in Sources */,
				31D6A2E4218A11E800E92BD8 /* ViewController.swift in Sources */,
				31010CCC219CE1D300D2F36E /* EntourageRandomColor.swift in Sources */,
				31010CCA219CE16900D2F36E /* EntourageUtils.swift in Sources */,
				31D6A2E2218A11E800E92BD8 /* AppDelegate.swift in Sources */,
			);
			runOnlyForDeploymentPostprocessing = 0;
		};
/* End PBXSourcesBuildPhase section */

/* Begin PBXTargetDependency section */
		31D1179A21C6195100B28B12 /* PBXTargetDependency */ = {
			isa = PBXTargetDependency;
			target = 31D6A2DD218A11E800E92BD8 /* Entourage */;
			targetProxy = 31D1179921C6195100B28B12 /* PBXContainerItemProxy */;
		};
/* End PBXTargetDependency section */

/* Begin PBXVariantGroup section */
		31D6A2E5218A11E800E92BD8 /* Main.storyboard */ = {
			isa = PBXVariantGroup;
			children = (
				31D6A2E6218A11E800E92BD8 /* Base */,
			);
			name = Main.storyboard;
			sourceTree = "<group>";
		};
		31D6A2EA218A11EB00E92BD8 /* LaunchScreen.storyboard */ = {
			isa = PBXVariantGroup;
			children = (
				31D6A2EB218A11EB00E92BD8 /* Base */,
			);
			name = LaunchScreen.storyboard;
			sourceTree = "<group>";
		};
/* End PBXVariantGroup section */

/* Begin XCBuildConfiguration section */
		31D1179B21C6195100B28B12 /* Debug */ = {
			isa = XCBuildConfiguration;
			buildSettings = {
				BUNDLE_LOADER = "$(TEST_HOST)";
				CODE_SIGN_STYLE = Automatic;
				DEVELOPMENT_TEAM = 4P6TC657TC;
				INFOPLIST_FILE = EntourageTests/Info.plist;
				IPHONEOS_DEPLOYMENT_TARGET = 12.1;
				LD_RUNPATH_SEARCH_PATHS = (
					"$(inherited)",
					"@executable_path/Frameworks",
					"@loader_path/Frameworks",
				);
				PRODUCT_BUNDLE_IDENTIFIER = gwu.edu.yuxuanliu.EntourageTests;
				PRODUCT_NAME = "$(TARGET_NAME)";
				SWIFT_VERSION = 4.2;
				TARGETED_DEVICE_FAMILY = "1,2";
				TEST_HOST = "$(BUILT_PRODUCTS_DIR)/Entourage.app/Entourage";
			};
			name = Debug;
		};
		31D1179C21C6195100B28B12 /* Release */ = {
			isa = XCBuildConfiguration;
			buildSettings = {
				BUNDLE_LOADER = "$(TEST_HOST)";
				CODE_SIGN_STYLE = Automatic;
				DEVELOPMENT_TEAM = 4P6TC657TC;
				INFOPLIST_FILE = EntourageTests/Info.plist;
				IPHONEOS_DEPLOYMENT_TARGET = 12.1;
				LD_RUNPATH_SEARCH_PATHS = (
					"$(inherited)",
					"@executable_path/Frameworks",
					"@loader_path/Frameworks",
				);
				PRODUCT_BUNDLE_IDENTIFIER = gwu.edu.yuxuanliu.EntourageTests;
				PRODUCT_NAME = "$(TARGET_NAME)";
				SWIFT_VERSION = 4.2;
				TARGETED_DEVICE_FAMILY = "1,2";
				TEST_HOST = "$(BUILT_PRODUCTS_DIR)/Entourage.app/Entourage";
			};
			name = Release;
		};
		31D6A2EE218A11EB00E92BD8 /* Debug */ = {
			isa = XCBuildConfiguration;
			buildSettings = {
				ALWAYS_SEARCH_USER_PATHS = NO;
				CLANG_ANALYZER_NONNULL = YES;
				CLANG_ANALYZER_NUMBER_OBJECT_CONVERSION = YES_AGGRESSIVE;
				CLANG_CXX_LANGUAGE_STANDARD = "gnu++14";
				CLANG_CXX_LIBRARY = "libc++";
				CLANG_ENABLE_MODULES = YES;
				CLANG_ENABLE_OBJC_ARC = YES;
				CLANG_ENABLE_OBJC_WEAK = YES;
				CLANG_WARN_BLOCK_CAPTURE_AUTORELEASING = YES;
				CLANG_WARN_BOOL_CONVERSION = YES;
				CLANG_WARN_COMMA = YES;
				CLANG_WARN_CONSTANT_CONVERSION = YES;
				CLANG_WARN_DEPRECATED_OBJC_IMPLEMENTATIONS = YES;
				CLANG_WARN_DIRECT_OBJC_ISA_USAGE = YES_ERROR;
				CLANG_WARN_DOCUMENTATION_COMMENTS = YES;
				CLANG_WARN_EMPTY_BODY = YES;
				CLANG_WARN_ENUM_CONVERSION = YES;
				CLANG_WARN_INFINITE_RECURSION = YES;
				CLANG_WARN_INT_CONVERSION = YES;
				CLANG_WARN_NON_LITERAL_NULL_CONVERSION = YES;
				CLANG_WARN_OBJC_IMPLICIT_RETAIN_SELF = YES;
				CLANG_WARN_OBJC_LITERAL_CONVERSION = YES;
				CLANG_WARN_OBJC_ROOT_CLASS = YES_ERROR;
				CLANG_WARN_RANGE_LOOP_ANALYSIS = YES;
				CLANG_WARN_STRICT_PROTOTYPES = YES;
				CLANG_WARN_SUSPICIOUS_MOVE = YES;
				CLANG_WARN_UNGUARDED_AVAILABILITY = YES_AGGRESSIVE;
				CLANG_WARN_UNREACHABLE_CODE = YES;
				CLANG_WARN__DUPLICATE_METHOD_MATCH = YES;
				CODE_SIGN_IDENTITY = "iPhone Developer";
				COPY_PHASE_STRIP = NO;
				DEBUG_INFORMATION_FORMAT = dwarf;
				ENABLE_STRICT_OBJC_MSGSEND = YES;
				ENABLE_TESTABILITY = YES;
				GCC_C_LANGUAGE_STANDARD = gnu11;
				GCC_DYNAMIC_NO_PIC = NO;
				GCC_NO_COMMON_BLOCKS = YES;
				GCC_OPTIMIZATION_LEVEL = 0;
				GCC_PREPROCESSOR_DEFINITIONS = (
					"DEBUG=1",
					"$(inherited)",
				);
				GCC_WARN_64_TO_32_BIT_CONVERSION = YES;
				GCC_WARN_ABOUT_RETURN_TYPE = YES_ERROR;
				GCC_WARN_UNDECLARED_SELECTOR = YES;
				GCC_WARN_UNINITIALIZED_AUTOS = YES_AGGRESSIVE;
				GCC_WARN_UNUSED_FUNCTION = YES;
				GCC_WARN_UNUSED_VARIABLE = YES;
				IPHONEOS_DEPLOYMENT_TARGET = 12.0;
				MTL_ENABLE_DEBUG_INFO = INCLUDE_SOURCE;
				MTL_FAST_MATH = YES;
				ONLY_ACTIVE_ARCH = YES;
				SDKROOT = iphoneos;
				SWIFT_ACTIVE_COMPILATION_CONDITIONS = DEBUG;
				SWIFT_OPTIMIZATION_LEVEL = "-Onone";
			};
			name = Debug;
		};
		31D6A2EF218A11EB00E92BD8 /* Release */ = {
			isa = XCBuildConfiguration;
			buildSettings = {
				ALWAYS_SEARCH_USER_PATHS = NO;
				CLANG_ANALYZER_NONNULL = YES;
				CLANG_ANALYZER_NUMBER_OBJECT_CONVERSION = YES_AGGRESSIVE;
				CLANG_CXX_LANGUAGE_STANDARD = "gnu++14";
				CLANG_CXX_LIBRARY = "libc++";
				CLANG_ENABLE_MODULES = YES;
				CLANG_ENABLE_OBJC_ARC = YES;
				CLANG_ENABLE_OBJC_WEAK = YES;
				CLANG_WARN_BLOCK_CAPTURE_AUTORELEASING = YES;
				CLANG_WARN_BOOL_CONVERSION = YES;
				CLANG_WARN_COMMA = YES;
				CLANG_WARN_CONSTANT_CONVERSION = YES;
				CLANG_WARN_DEPRECATED_OBJC_IMPLEMENTATIONS = YES;
				CLANG_WARN_DIRECT_OBJC_ISA_USAGE = YES_ERROR;
				CLANG_WARN_DOCUMENTATION_COMMENTS = YES;
				CLANG_WARN_EMPTY_BODY = YES;
				CLANG_WARN_ENUM_CONVERSION = YES;
				CLANG_WARN_INFINITE_RECURSION = YES;
				CLANG_WARN_INT_CONVERSION = YES;
				CLANG_WARN_NON_LITERAL_NULL_CONVERSION = YES;
				CLANG_WARN_OBJC_IMPLICIT_RETAIN_SELF = YES;
				CLANG_WARN_OBJC_LITERAL_CONVERSION = YES;
				CLANG_WARN_OBJC_ROOT_CLASS = YES_ERROR;
				CLANG_WARN_RANGE_LOOP_ANALYSIS = YES;
				CLANG_WARN_STRICT_PROTOTYPES = YES;
				CLANG_WARN_SUSPICIOUS_MOVE = YES;
				CLANG_WARN_UNGUARDED_AVAILABILITY = YES_AGGRESSIVE;
				CLANG_WARN_UNREACHABLE_CODE = YES;
				CLANG_WARN__DUPLICATE_METHOD_MATCH = YES;
				CODE_SIGN_IDENTITY = "iPhone Developer";
				COPY_PHASE_STRIP = NO;
				DEBUG_INFORMATION_FORMAT = "dwarf-with-dsym";
				ENABLE_NS_ASSERTIONS = NO;
				ENABLE_STRICT_OBJC_MSGSEND = YES;
				GCC_C_LANGUAGE_STANDARD = gnu11;
				GCC_NO_COMMON_BLOCKS = YES;
				GCC_WARN_64_TO_32_BIT_CONVERSION = YES;
				GCC_WARN_ABOUT_RETURN_TYPE = YES_ERROR;
				GCC_WARN_UNDECLARED_SELECTOR = YES;
				GCC_WARN_UNINITIALIZED_AUTOS = YES_AGGRESSIVE;
				GCC_WARN_UNUSED_FUNCTION = YES;
				GCC_WARN_UNUSED_VARIABLE = YES;
				IPHONEOS_DEPLOYMENT_TARGET = 12.0;
				MTL_ENABLE_DEBUG_INFO = NO;
				MTL_FAST_MATH = YES;
				SDKROOT = iphoneos;
				SWIFT_COMPILATION_MODE = wholemodule;
				SWIFT_OPTIMIZATION_LEVEL = "-O";
				VALIDATE_PRODUCT = YES;
			};
			name = Release;
		};
		31D6A2F1218A11EB00E92BD8 /* Debug */ = {
			isa = XCBuildConfiguration;
			buildSettings = {
				ASSETCATALOG_COMPILER_APPICON_NAME = AppIcon;
				CODE_SIGN_STYLE = Automatic;
				DEVELOPMENT_TEAM = 4P6TC657TC;
				INFOPLIST_FILE = Entourage/Info.plist;
				LD_RUNPATH_SEARCH_PATHS = (
					"$(inherited)",
					"@executable_path/Frameworks",
				);
				PRODUCT_BUNDLE_IDENTIFIER = gwu.edu.yuxuanliu.Entourage;
				PRODUCT_NAME = "$(TARGET_NAME)";
				SWIFT_VERSION = 4.2;
				TARGETED_DEVICE_FAMILY = "1,2";
			};
			name = Debug;
		};
		31D6A2F2218A11EB00E92BD8 /* Release */ = {
			isa = XCBuildConfiguration;
			buildSettings = {
				ASSETCATALOG_COMPILER_APPICON_NAME = AppIcon;
				CODE_SIGN_STYLE = Automatic;
				DEVELOPMENT_TEAM = 4P6TC657TC;
				INFOPLIST_FILE = Entourage/Info.plist;
				LD_RUNPATH_SEARCH_PATHS = (
					"$(inherited)",
					"@executable_path/Frameworks",
				);
				PRODUCT_BUNDLE_IDENTIFIER = gwu.edu.yuxuanliu.Entourage;
				PRODUCT_NAME = "$(TARGET_NAME)";
				SWIFT_VERSION = 4.2;
				TARGETED_DEVICE_FAMILY = "1,2";
			};
			name = Release;
		};
/* End XCBuildConfiguration section */

/* Begin XCConfigurationList section */
		31D1179D21C6195100B28B12 /* Build configuration list for PBXNativeTarget "EntourageTests" */ = {
			isa = XCConfigurationList;
			buildConfigurations = (
				31D1179B21C6195100B28B12 /* Debug */,
				31D1179C21C6195100B28B12 /* Release */,
			);
			defaultConfigurationIsVisible = 0;
			defaultConfigurationName = Release;
		};
		31D6A2D9218A11E800E92BD8 /* Build configuration list for PBXProject "Entourage" */ = {
			isa = XCConfigurationList;
			buildConfigurations = (
				31D6A2EE218A11EB00E92BD8 /* Debug */,
				31D6A2EF218A11EB00E92BD8 /* Release */,
			);
			defaultConfigurationIsVisible = 0;
			defaultConfigurationName = Release;
		};
		31D6A2F0218A11EB00E92BD8 /* Build configuration list for PBXNativeTarget "Entourage" */ = {
			isa = XCConfigurationList;
			buildConfigurations = (
				31D6A2F1218A11EB00E92BD8 /* Debug */,
				31D6A2F2218A11EB00E92BD8 /* Release */,
			);
			defaultConfigurationIsVisible = 0;
			defaultConfigurationName = Release;
		};
/* End XCConfigurationList section */
	};
	rootObject = 31D6A2D6218A11E800E92BD8 /* Project object */;
}
